
Microsoft Visual Studio Solution File, Format Version 12.00
# Visual Studio Version 17
VisualStudioVersion = 17.9.34723.18
MinimumVisualStudioVersion = 10.0.40219.1
Project("{FAE04EC0-301F-11D3-BF4B-00C04F79EFBC}") = "07-Web-API", "07-Web-API.csproj", "{BDEE841C-3388-4B17-90C7-9FB877485D7D}"
EndProject
Global
	GlobalSection(SolutionConfigurationPlatforms) = preSolution
		Debug|Any CPU = Debug|Any CPU
		Release|Any CPU = Release|Any CPU
	EndGlobalSection
	GlobalSection(ProjectConfigurationPlatforms) = postSolution
		{BDEE841C-3388-4B17-90C7-9FB877485D7D}.Debug|Any CPU.ActiveCfg = Debug|Any CPU
		{BDEE841C-3388-4B17-90C7-9FB877485D7D}.Debug|Any CPU.Build.0 = Debug|Any CPU
		{BDEE841C-3388-4B17-90C7-9FB877485D7D}.Release|Any CPU.ActiveCfg = Release|Any CPU
		{BDEE841C-3388-4B17-90C7-9FB877485D7D}.Release|Any CPU.Build.0 = Release|Any CPU
	EndGlobalSection
	GlobalSection(SolutionProperties) = preSolution
		HideSolutionNode = FALSE
	EndGlobalSection
	GlobalSection(ExtensibilityGlobals) = postSolution
		SolutionGuid = {6FFA99A0-8E8E-448A-9B16-549DE4595575}
	EndGlobalSection
EndGlobal
