
Microsoft Visual Studio Solution File, Format Version 12.00
# Visual Studio Version 17
VisualStudioVersion = 17.9.34723.18
MinimumVisualStudioVersion = 10.0.40219.1
Project("{FAE04EC0-301F-11D3-BF4B-00C04F79EFBC}") = "04-CRUD-App", "04-CRUD-App.csproj", "{3088F5FA-DE3C-49A5-BEAD-BBB3A2CBBAF0}"
EndProject
Global
	GlobalSection(SolutionConfigurationPlatforms) = preSolution
		Debug|Any CPU = Debug|Any CPU
		Release|Any CPU = Release|Any CPU
	EndGlobalSection
	GlobalSection(ProjectConfigurationPlatforms) = postSolution
		{3088F5FA-DE3C-49A5-BEAD-BBB3A2CBBAF0}.Debug|Any CPU.ActiveCfg = Debug|Any CPU
		{3088F5FA-DE3C-49A5-BEAD-BBB3A2CBBAF0}.Debug|Any CPU.Build.0 = Debug|Any CPU
		{3088F5FA-DE3C-49A5-BEAD-BBB3A2CBBAF0}.Release|Any CPU.ActiveCfg = Release|Any CPU
		{3088F5FA-DE3C-49A5-BEAD-BBB3A2CBBAF0}.Release|Any CPU.Build.0 = Release|Any CPU
	EndGlobalSection
	GlobalSection(SolutionProperties) = preSolution
		HideSolutionNode = FALSE
	EndGlobalSection
	GlobalSection(ExtensibilityGlobals) = postSolution
		SolutionGuid = {1F3624EE-AD31-454C-B31B-E741B7E0C94E}
	EndGlobalSection
EndGlobal
