
Microsoft Visual Studio Solution File, Format Version 12.00
# Visual Studio Version 17
VisualStudioVersion = 17.9.34723.18
MinimumVisualStudioVersion = 10.0.40219.1
Project("{FAE04EC0-301F-11D3-BF4B-00C04F79EFBC}") = "WebApp2ByGiver", "WebApp2ByGiver.csproj", "{1326E499-054B-475E-AF56-8D339A85AE34}"
EndProject
Global
	GlobalSection(SolutionConfigurationPlatforms) = preSolution
		Debug|Any CPU = Debug|Any CPU
		Release|Any CPU = Release|Any CPU
	EndGlobalSection
	GlobalSection(ProjectConfigurationPlatforms) = postSolution
		{1326E499-054B-475E-AF56-8D339A85AE34}.Debug|Any CPU.ActiveCfg = Debug|Any CPU
		{1326E499-054B-475E-AF56-8D339A85AE34}.Debug|Any CPU.Build.0 = Debug|Any CPU
		{1326E499-054B-475E-AF56-8D339A85AE34}.Release|Any CPU.ActiveCfg = Release|Any CPU
		{1326E499-054B-475E-AF56-8D339A85AE34}.Release|Any CPU.Build.0 = Release|Any CPU
	EndGlobalSection
	GlobalSection(SolutionProperties) = preSolution
		HideSolutionNode = FALSE
	EndGlobalSection
	GlobalSection(ExtensibilityGlobals) = postSolution
		SolutionGuid = {79013387-4D80-4F6C-BCBC-5E361CBB2463}
	EndGlobalSection
EndGlobal
