
Microsoft Visual Studio Solution File, Format Version 12.00
# Visual Studio Version 17
VisualStudioVersion = 17.9.34723.18
MinimumVisualStudioVersion = 10.0.40219.1
Project("{FAE04EC0-301F-11D3-BF4B-00C04F79EFBC}") = "Webapp07ByGiver", "Webapp07ByGiver.csproj", "{A59033A4-9EF3-42BF-AFA0-38E14DF69061}"
EndProject
Global
	GlobalSection(SolutionConfigurationPlatforms) = preSolution
		Debug|Any CPU = Debug|Any CPU
		Release|Any CPU = Release|Any CPU
	EndGlobalSection
	GlobalSection(ProjectConfigurationPlatforms) = postSolution
		{A59033A4-9EF3-42BF-AFA0-38E14DF69061}.Debug|Any CPU.ActiveCfg = Debug|Any CPU
		{A59033A4-9EF3-42BF-AFA0-38E14DF69061}.Debug|Any CPU.Build.0 = Debug|Any CPU
		{A59033A4-9EF3-42BF-AFA0-38E14DF69061}.Release|Any CPU.ActiveCfg = Release|Any CPU
		{A59033A4-9EF3-42BF-AFA0-38E14DF69061}.Release|Any CPU.Build.0 = Release|Any CPU
	EndGlobalSection
	GlobalSection(SolutionProperties) = preSolution
		HideSolutionNode = FALSE
	EndGlobalSection
	GlobalSection(ExtensibilityGlobals) = postSolution
		SolutionGuid = {4F7DDD0F-93A2-4C24-936B-5CA1C132E482}
	EndGlobalSection
EndGlobal
