
Microsoft Visual Studio Solution File, Format Version 12.00
# Visual Studio Version 17
VisualStudioVersion = 17.9.34723.18
MinimumVisualStudioVersion = 10.0.40219.1
Project("{FAE04EC0-301F-11D3-BF4B-00C04F79EFBC}") = "WebApp3ByGiver", "WebApp3ByGiver.csproj", "{6B077187-F41B-470E-8578-50EC4C57D633}"
EndProject
Global
	GlobalSection(SolutionConfigurationPlatforms) = preSolution
		Debug|Any CPU = Debug|Any CPU
		Release|Any CPU = Release|Any CPU
	EndGlobalSection
	GlobalSection(ProjectConfigurationPlatforms) = postSolution
		{6B077187-F41B-470E-8578-50EC4C57D633}.Debug|Any CPU.ActiveCfg = Debug|Any CPU
		{6B077187-F41B-470E-8578-50EC4C57D633}.Debug|Any CPU.Build.0 = Debug|Any CPU
		{6B077187-F41B-470E-8578-50EC4C57D633}.Release|Any CPU.ActiveCfg = Release|Any CPU
		{6B077187-F41B-470E-8578-50EC4C57D633}.Release|Any CPU.Build.0 = Release|Any CPU
	EndGlobalSection
	GlobalSection(SolutionProperties) = preSolution
		HideSolutionNode = FALSE
	EndGlobalSection
	GlobalSection(ExtensibilityGlobals) = postSolution
		SolutionGuid = {7BD6E1B1-4E1A-43F0-898C-7A0BC6FDFCB0}
	EndGlobalSection
EndGlobal
